
Microsoft Visual Studio Solution File, Format Version 12.00
# Visual Studio Version 16
VisualStudioVersion = 16.0.29613.14
MinimumVisualStudioVersion = 10.0.40219.1
Project("{FAE04EC0-301F-11D3-BF4B-00C04F79EFBC}") = "Scott_Allen_Linq_Fundamentals", "Scott_Allen_Linq_Fundamentals.csproj", "{03E2E809-C43F-4E09-A160-532E0431AF2F}"
EndProject
Global
	GlobalSection(SolutionConfigurationPlatforms) = preSolution
		Debug|Any CPU = Debug|Any CPU
		Release|Any CPU = Release|Any CPU
	EndGlobalSection
	GlobalSection(ProjectConfigurationPlatforms) = postSolution
		{03E2E809-C43F-4E09-A160-532E0431AF2F}.Debug|Any CPU.ActiveCfg = Debug|Any CPU
		{03E2E809-C43F-4E09-A160-532E0431AF2F}.Debug|Any CPU.Build.0 = Debug|Any CPU
		{03E2E809-C43F-4E09-A160-532E0431AF2F}.Release|Any CPU.ActiveCfg = Release|Any CPU
		{03E2E809-C43F-4E09-A160-532E0431AF2F}.Release|Any CPU.Build.0 = Release|Any CPU
	EndGlobalSection
	GlobalSection(SolutionProperties) = preSolution
		HideSolutionNode = FALSE
	EndGlobalSection
	GlobalSection(ExtensibilityGlobals) = postSolution
		SolutionGuid = {C5A08E90-8260-419D-8E8A-BD11676568EB}
	EndGlobalSection
EndGlobal
